
Microsoft Visual Studio Solution File, Format Version 12.00
# Visual Studio Version 16
VisualStudioVersion = 16.0.29215.179
MinimumVisualStudioVersion = 10.0.40219.1
Project("{FAE04EC0-301F-11D3-BF4B-00C04F79EFBC}") = "CIF2GTFS", "CIF2GTFS\CIF2GTFS.csproj", "{E9CFF964-6A33-48AB-8B0F-92E62FEEACEC}"
EndProject
Global
	GlobalSection(SolutionConfigurationPlatforms) = preSolution
		Debug|Any CPU = Debug|Any CPU
		Release|Any CPU = Release|Any CPU
	EndGlobalSection
	GlobalSection(ProjectConfigurationPlatforms) = postSolution
		{E9CFF964-6A33-48AB-8B0F-92E62FEEACEC}.Debug|Any CPU.ActiveCfg = Debug|Any CPU
		{E9CFF964-6A33-48AB-8B0F-92E62FEEACEC}.Debug|Any CPU.Build.0 = Debug|Any CPU
		{E9CFF964-6A33-48AB-8B0F-92E62FEEACEC}.Release|Any CPU.ActiveCfg = Release|Any CPU
		{E9CFF964-6A33-48AB-8B0F-92E62FEEACEC}.Release|Any CPU.Build.0 = Release|Any CPU
	EndGlobalSection
	GlobalSection(SolutionProperties) = preSolution
		HideSolutionNode = FALSE
	EndGlobalSection
	GlobalSection(ExtensibilityGlobals) = postSolution
		SolutionGuid = {835359F9-0A37-4741-AB8E-EF55592813A2}
	EndGlobalSection
EndGlobal
